// !$*UTF8*$!
{
	archiveVersion = 1;
	classes = {
	};
	objectVersion = 50;
	objects = {

/* Begin PBXBuildFile section */
		995AE31E224286BC00E155CC /* FileCleaner.swift in Sources */ = {isa = PBXBuildFile; fileRef = 995AE31D224286BC00E155CC /* FileCleaner.swift */; };
		995AE3202242958200E155CC /* LineCounter.swift in Sources */ = {isa = PBXBuildFile; fileRef = 995AE31F2242958200E155CC /* LineCounter.swift */; };
		995AE3222242B1CB00E155CC /* Array+Listed.swift in Sources */ = {isa = PBXBuildFile; fileRef = 995AE3212242B1CB00E155CC /* Array+Listed.swift */; };
		997ACD882241A15700862305 /* main.swift in Sources */ = {isa = PBXBuildFile; fileRef = 997ACD872241A15700862305 /* main.swift */; };
		997ACD8F2241A2E400862305 /* FileFinder.swift in Sources */ = {isa = PBXBuildFile; fileRef = 997ACD8E2241A2E400862305 /* FileFinder.swift */; };
/* End PBXBuildFile section */

/* Begin PBXCopyFilesBuildPhase section */
		997ACD822241A15700862305 /* CopyFiles */ = {
			isa = PBXCopyFilesBuildPhase;
			buildActionMask = 2147483647;
			dstPath = /usr/share/man/man1/;
			dstSubfolderSpec = 0;
			files = (
			);
			runOnlyForDeploymentPostprocessing = 1;
		};
/* End PBXCopyFilesBuildPhase section */

/* Begin PBXFileReference section */
		995AE31D224286BC00E155CC /* FileCleaner.swift */ = {isa = PBXFileReference; lastKnownFileType = sourcecode.swift; path = FileCleaner.swift; sourceTree = "<group>"; };
		995AE31F2242958200E155CC /* LineCounter.swift */ = {isa = PBXFileReference; lastKnownFileType = sourcecode.swift; path = LineCounter.swift; sourceTree = "<group>"; };
		995AE3212242B1CB00E155CC /* Array+Listed.swift */ = {isa = PBXFileReference; lastKnownFileType = sourcecode.swift; path = "Array+Listed.swift"; sourceTree = "<group>"; };
		997ACD842241A15700862305 /* ObjCFileFinder */ = {isa = PBXFileReference; explicitFileType = "compiled.mach-o.executable"; includeInIndex = 0; path = ObjCFileFinder; sourceTree = BUILT_PRODUCTS_DIR; };
		997ACD872241A15700862305 /* main.swift */ = {isa = PBXFileReference; lastKnownFileType = sourcecode.swift; path = main.swift; sourceTree = "<group>"; };
		997ACD8E2241A2E400862305 /* FileFinder.swift */ = {isa = PBXFileReference; lastKnownFileType = sourcecode.swift; path = FileFinder.swift; sourceTree = "<group>"; };
/* End PBXFileReference section */

/* Begin PBXFrameworksBuildPhase section */
		997ACD812241A15700862305 /* Frameworks */ = {
			isa = PBXFrameworksBuildPhase;
			buildActionMask = 2147483647;
			files = (
			);
			runOnlyForDeploymentPostprocessing = 0;
		};
/* End PBXFrameworksBuildPhase section */

/* Begin PBXGroup section */
		997ACD7B2241A15700862305 = {
			isa = PBXGroup;
			children = (
				997ACD862241A15700862305 /* ObjCFileFinder */,
				997ACD852241A15700862305 /* Products */,
			);
			sourceTree = "<group>";
		};
		997ACD852241A15700862305 /* Products */ = {
			isa = PBXGroup;
			children = (
				997ACD842241A15700862305 /* ObjCFileFinder */,
			);
			name = Products;
			sourceTree = "<group>";
		};
		997ACD862241A15700862305 /* ObjCFileFinder */ = {
			isa = PBXGroup;
			children = (
				997ACD872241A15700862305 /* main.swift */,
				997ACD8E2241A2E400862305 /* FileFinder.swift */,
				995AE31D224286BC00E155CC /* FileCleaner.swift */,
				995AE31F2242958200E155CC /* LineCounter.swift */,
				995AE3212242B1CB00E155CC /* Array+Listed.swift */,
			);
			path = ObjCFileFinder;
			sourceTree = "<group>";
		};
/* End PBXGroup section */

/* Begin PBXNativeTarget section */
		997ACD832241A15700862305 /* ObjCFileFinder */ = {
			isa = PBXNativeTarget;
			buildConfigurationList = 997ACD8B2241A15700862305 /* Build configuration list for PBXNativeTarget "ObjCFileFinder" */;
			buildPhases = (
				997ACD802241A15700862305 /* Sources */,
				997ACD812241A15700862305 /* Frameworks */,
				997ACD822241A15700862305 /* CopyFiles */,
			);
			buildRules = (
			);
			dependencies = (
			);
			name = ObjCFileFinder;
			productName = ObjCFileFinder;
			productReference = 997ACD842241A15700862305 /* ObjCFileFinder */;
			productType = "com.apple.product-type.tool";
		};
/* End PBXNativeTarget section */

/* Begin PBXProject section */
		997ACD7C2241A15700862305 /* Project object */ = {
			isa = PBXProject;
			attributes = {
				LastSwiftUpdateCheck = 1000;
				LastUpgradeCheck = 1000;
				ORGANIZATIONNAME = ovuline;
				TargetAttributes = {
					997ACD832241A15700862305 = {
						CreatedOnToolsVersion = 10.0;
					};
				};
			};
			buildConfigurationList = 997ACD7F2241A15700862305 /* Build configuration list for PBXProject "ObjCFileFinder" */;
			compatibilityVersion = "Xcode 9.3";
			developmentRegion = en;
			hasScannedForEncodings = 0;
			knownRegions = (
				en,
			);
			mainGroup = 997ACD7B2241A15700862305;
			productRefGroup = 997ACD852241A15700862305 /* Products */;
			projectDirPath = "";
			projectRoot = "";
			targets = (
				997ACD832241A15700862305 /* ObjCFileFinder */,
			);
		};
/* End PBXProject section */

/* Begin PBXSourcesBuildPhase section */
		997ACD802241A15700862305 /* Sources */ = {
			isa = PBXSourcesBuildPhase;
			buildActionMask = 2147483647;
			files = (
				995AE3202242958200E155CC /* LineCounter.swift in Sources */,
				995AE3222242B1CB00E155CC /* Array+Listed.swift in Sources */,
				997ACD882241A15700862305 /* main.swift in Sources */,
				997ACD8F2241A2E400862305 /* FileFinder.swift in Sources */,
				995AE31E224286BC00E155CC /* FileCleaner.swift in Sources */,
			);
			runOnlyForDeploymentPostprocessing = 0;
		};
/* End PBXSourcesBuildPhase section */

/* Begin XCBuildConfiguration section */
		997ACD892241A15700862305 /* Debug */ = {
			isa = XCBuildConfiguration;
			buildSettings = {
				ALWAYS_SEARCH_USER_PATHS = NO;
				CLANG_ANALYZER_NONNULL = YES;
				CLANG_ANALYZER_NUMBER_OBJECT_CONVERSION = YES_AGGRESSIVE;
				CLANG_CXX_LANGUAGE_STANDARD = "gnu++14";
				CLANG_CXX_LIBRARY = "libc++";
				CLANG_ENABLE_MODULES = YES;
				CLANG_ENABLE_OBJC_ARC = YES;
				CLANG_ENABLE_OBJC_WEAK = YES;
				CLANG_WARN_BLOCK_CAPTURE_AUTORELEASING = YES;
				CLANG_WARN_BOOL_CONVERSION = YES;
				CLANG_WARN_COMMA = YES;
				CLANG_WARN_CONSTANT_CONVERSION = YES;
				CLANG_WARN_DEPRECATED_OBJC_IMPLEMENTATIONS = YES;
				CLANG_WARN_DIRECT_OBJC_ISA_USAGE = YES_ERROR;
				CLANG_WARN_DOCUMENTATION_COMMENTS = YES;
				CLANG_WARN_EMPTY_BODY = YES;
				CLANG_WARN_ENUM_CONVERSION = YES;
				CLANG_WARN_INFINITE_RECURSION = YES;
				CLANG_WARN_INT_CONVERSION = YES;
				CLANG_WARN_NON_LITERAL_NULL_CONVERSION = YES;
				CLANG_WARN_OBJC_IMPLICIT_RETAIN_SELF = YES;
				CLANG_WARN_OBJC_LITERAL_CONVERSION = YES;
				CLANG_WARN_OBJC_ROOT_CLASS = YES_ERROR;
				CLANG_WARN_RANGE_LOOP_ANALYSIS = YES;
				CLANG_WARN_STRICT_PROTOTYPES = YES;
				CLANG_WARN_SUSPICIOUS_MOVE = YES;
				CLANG_WARN_UNGUARDED_AVAILABILITY = YES_AGGRESSIVE;
				CLANG_WARN_UNREACHABLE_CODE = YES;
				CLANG_WARN__DUPLICATE_METHOD_MATCH = YES;
				CODE_SIGN_IDENTITY = "Mac Developer";
				COPY_PHASE_STRIP = NO;
				DEBUG_INFORMATION_FORMAT = dwarf;
				ENABLE_STRICT_OBJC_MSGSEND = YES;
				ENABLE_TESTABILITY = YES;
				GCC_C_LANGUAGE_STANDARD = gnu11;
				GCC_DYNAMIC_NO_PIC = NO;
				GCC_NO_COMMON_BLOCKS = YES;
				GCC_OPTIMIZATION_LEVEL = 0;
				GCC_PREPROCESSOR_DEFINITIONS = (
					"DEBUG=1",
					"$(inherited)",
				);
				GCC_WARN_64_TO_32_BIT_CONVERSION = YES;
				GCC_WARN_ABOUT_RETURN_TYPE = YES_ERROR;
				GCC_WARN_UNDECLARED_SELECTOR = YES;
				GCC_WARN_UNINITIALIZED_AUTOS = YES_AGGRESSIVE;
				GCC_WARN_UNUSED_FUNCTION = YES;
				GCC_WARN_UNUSED_VARIABLE = YES;
				MACOSX_DEPLOYMENT_TARGET = 10.14;
				MTL_ENABLE_DEBUG_INFO = INCLUDE_SOURCE;
				MTL_FAST_MATH = YES;
				ONLY_ACTIVE_ARCH = YES;
				SDKROOT = macosx;
				SWIFT_ACTIVE_COMPILATION_CONDITIONS = DEBUG;
				SWIFT_OPTIMIZATION_LEVEL = "-Onone";
			};
			name = Debug;
		};
		997ACD8A2241A15700862305 /* Release */ = {
			isa = XCBuildConfiguration;
			buildSettings = {
				ALWAYS_SEARCH_USER_PATHS = NO;
				CLANG_ANALYZER_NONNULL = YES;
				CLANG_ANALYZER_NUMBER_OBJECT_CONVERSION = YES_AGGRESSIVE;
				CLANG_CXX_LANGUAGE_STANDARD = "gnu++14";
				CLANG_CXX_LIBRARY = "libc++";
				CLANG_ENABLE_MODULES = YES;
				CLANG_ENABLE_OBJC_ARC = YES;
				CLANG_ENABLE_OBJC_WEAK = YES;
				CLANG_WARN_BLOCK_CAPTURE_AUTORELEASING = YES;
				CLANG_WARN_BOOL_CONVERSION = YES;
				CLANG_WARN_COMMA = YES;
				CLANG_WARN_CONSTANT_CONVERSION = YES;
				CLANG_WARN_DEPRECATED_OBJC_IMPLEMENTATIONS = YES;
				CLANG_WARN_DIRECT_OBJC_ISA_USAGE = YES_ERROR;
				CLANG_WARN_DOCUMENTATION_COMMENTS = YES;
				CLANG_WARN_EMPTY_BODY = YES;
				CLANG_WARN_ENUM_CONVERSION = YES;
				CLANG_WARN_INFINITE_RECURSION = YES;
				CLANG_WARN_INT_CONVERSION = YES;
				CLANG_WARN_NON_LITERAL_NULL_CONVERSION = YES;
				CLANG_WARN_OBJC_IMPLICIT_RETAIN_SELF = YES;
				CLANG_WARN_OBJC_LITERAL_CONVERSION = YES;
				CLANG_WARN_OBJC_ROOT_CLASS = YES_ERROR;
				CLANG_WARN_RANGE_LOOP_ANALYSIS = YES;
				CLANG_WARN_STRICT_PROTOTYPES = YES;
				CLANG_WARN_SUSPICIOUS_MOVE = YES;
				CLANG_WARN_UNGUARDED_AVAILABILITY = YES_AGGRESSIVE;
				CLANG_WARN_UNREACHABLE_CODE = YES;
				CLANG_WARN__DUPLICATE_METHOD_MATCH = YES;
				CODE_SIGN_IDENTITY = "Mac Developer";
				COPY_PHASE_STRIP = NO;
				DEBUG_INFORMATION_FORMAT = "dwarf-with-dsym";
				ENABLE_NS_ASSERTIONS = NO;
				ENABLE_STRICT_OBJC_MSGSEND = YES;
				GCC_C_LANGUAGE_STANDARD = gnu11;
				GCC_NO_COMMON_BLOCKS = YES;
				GCC_WARN_64_TO_32_BIT_CONVERSION = YES;
				GCC_WARN_ABOUT_RETURN_TYPE = YES_ERROR;
				GCC_WARN_UNDECLARED_SELECTOR = YES;
				GCC_WARN_UNINITIALIZED_AUTOS = YES_AGGRESSIVE;
				GCC_WARN_UNUSED_FUNCTION = YES;
				GCC_WARN_UNUSED_VARIABLE = YES;
				MACOSX_DEPLOYMENT_TARGET = 10.14;
				MTL_ENABLE_DEBUG_INFO = NO;
				MTL_FAST_MATH = YES;
				SDKROOT = macosx;
				SWIFT_COMPILATION_MODE = wholemodule;
				SWIFT_OPTIMIZATION_LEVEL = "-O";
			};
			name = Release;
		};
		997ACD8C2241A15700862305 /* Debug */ = {
			isa = XCBuildConfiguration;
			buildSettings = {
				CODE_SIGN_STYLE = Automatic;
				DEVELOPMENT_TEAM = 57UC942L9A;
				PRODUCT_NAME = "$(TARGET_NAME)";
				SWIFT_VERSION = 4.2;
			};
			name = Debug;
		};
		997ACD8D2241A15700862305 /* Release */ = {
			isa = XCBuildConfiguration;
			buildSettings = {
				CODE_SIGN_STYLE = Automatic;
				DEVELOPMENT_TEAM = 57UC942L9A;
				PRODUCT_NAME = "$(TARGET_NAME)";
				SWIFT_VERSION = 4.2;
			};
			name = Release;
		};
/* End XCBuildConfiguration section */

/* Begin XCConfigurationList section */
		997ACD7F2241A15700862305 /* Build configuration list for PBXProject "ObjCFileFinder" */ = {
			isa = XCConfigurationList;
			buildConfigurations = (
				997ACD892241A15700862305 /* Debug */,
				997ACD8A2241A15700862305 /* Release */,
			);
			defaultConfigurationIsVisible = 0;
			defaultConfigurationName = Release;
		};
		997ACD8B2241A15700862305 /* Build configuration list for PBXNativeTarget "ObjCFileFinder" */ = {
			isa = XCConfigurationList;
			buildConfigurations = (
				997ACD8C2241A15700862305 /* Debug */,
				997ACD8D2241A15700862305 /* Release */,
			);
			defaultConfigurationIsVisible = 0;
			defaultConfigurationName = Release;
		};
/* End XCConfigurationList section */
	};
	rootObject = 997ACD7C2241A15700862305 /* Project object */;
}
